
Microsoft Visual Studio Solution File, Format Version 12.00
# Visual Studio Version 17
VisualStudioVersion = 17.14.36429.23
MinimumVisualStudioVersion = 10.0.40219.1
Project("{2150E333-8FDC-42A3-9474-1A3956D46DE8}") = "Task0", "Task0", "{02EA681E-C7D8-13C7-8484-4AC65E1B71E8}"
EndProject
Project("{FAE04EC0-301F-11D3-BF4B-00C04F79EFBC}") = "Tyuiu.SvaykinVE.Sprint3.Task0.V20", "Tyuiu.SvaykinVE.Sprint3.Task0.V20\Tyuiu.SvaykinVE.Sprint3.Task0.V20.csproj", "{81F239B7-CDAD-4CCB-9A00-963C9BF68CA7}"
EndProject
Project("{FAE04EC0-301F-11D3-BF4B-00C04F79EFBC}") = "Tyuiu.SvaykinVE.Sprint3.Task0.V20.Lib", "Tyuiu.SvaykinVE.Sprint3.Task0.V20.Lib\Tyuiu.SvaykinVE.Sprint3.Task0.V20.Lib.csproj", "{9104B006-088E-418E-9098-54C02136A3A0}"
EndProject
Project("{FAE04EC0-301F-11D3-BF4B-00C04F79EFBC}") = "Tyuiu.SvaykinVE.Sprint3.Task0.V20.Test", "Tyuiu.SvaykinVE.Sprint3.Task0.V20.Test\Tyuiu.SvaykinVE.Sprint3.Task0.V20.Test.csproj", "{8E3794A1-25D4-4696-89E9-338B3701165E}"
EndProject
Project("{2150E333-8FDC-42A3-9474-1A3956D46DE8}") = "Task1", "Task1", "{78E7F2EB-60C1-4643-9082-16EDB54E5816}"
EndProject
Project("{FAE04EC0-301F-11D3-BF4B-00C04F79EFBC}") = "Tyuiu.SvaykinVE.Sprint3.Task1.V28", "Tyuiu.SvaykinVE.Sprint3.Task1.V28\Tyuiu.SvaykinVE.Sprint3.Task1.V28.csproj", "{22C535C0-848A-4794-9EC6-1A9E8EF1F7F1}"
EndProject
Project("{FAE04EC0-301F-11D3-BF4B-00C04F79EFBC}") = "Tyuiu.SvaykinVE.Sprint3.Task1.V28.Lib", "Tyuiu.SvaykinVE.Sprint3.Task1.V28.Lib\Tyuiu.SvaykinVE.Sprint3.Task1.V28.Lib.csproj", "{0D4DFB28-974F-4935-A36A-A5F82DC684D0}"
EndProject
Project("{FAE04EC0-301F-11D3-BF4B-00C04F79EFBC}") = "Tyuiu.SvaykinVE.Sprint3.Task1.V28.Test", "Tyuiu.SvaykinVE.Sprint3.Task1.V28.Test\Tyuiu.SvaykinVE.Sprint3.Task1.V28.Test.csproj", "{C80AD5D6-795E-45C6-8234-13E82F0CC051}"
EndProject
Project("{2150E333-8FDC-42A3-9474-1A3956D46DE8}") = "Task2", "Task2", "{B4C80DC8-DC23-4991-B911-A47F34DF3F02}"
EndProject
Project("{FAE04EC0-301F-11D3-BF4B-00C04F79EFBC}") = "Tyuiu.SvaykinVE.Sprint3.Task2.V5", "Tyuiu.SvaykinVE.Sprint3.Task2.V5\Tyuiu.SvaykinVE.Sprint3.Task2.V5.csproj", "{7D08A0E2-A780-4833-BFE3-27D9A05E160C}"
EndProject
Project("{FAE04EC0-301F-11D3-BF4B-00C04F79EFBC}") = "Tyuiu.SvaykinVE.Sprint3.Task2.V5.Lib", "Tyuiu.SvaykinVE.Sprint3.Task2.V5.Lib\Tyuiu.SvaykinVE.Sprint3.Task2.V5.Lib.csproj", "{39E5C786-AE05-4C9D-BAE8-71618FD4327A}"
EndProject
Project("{FAE04EC0-301F-11D3-BF4B-00C04F79EFBC}") = "Tyuiu.SvaykinVE.Sprint3.Task2.V5.Test", "Tyuiu.SvaykinVE.Sprint3.Task2.V5.Test\Tyuiu.SvaykinVE.Sprint3.Task2.V5.Test.csproj", "{3064E275-4B82-42DF-A139-9A966C9982A2}"
EndProject
Global
	GlobalSection(SolutionConfigurationPlatforms) = preSolution
		Debug|Any CPU = Debug|Any CPU
		Release|Any CPU = Release|Any CPU
	EndGlobalSection
	GlobalSection(ProjectConfigurationPlatforms) = postSolution
		{81F239B7-CDAD-4CCB-9A00-963C9BF68CA7}.Debug|Any CPU.ActiveCfg = Debug|Any CPU
		{81F239B7-CDAD-4CCB-9A00-963C9BF68CA7}.Debug|Any CPU.Build.0 = Debug|Any CPU
		{81F239B7-CDAD-4CCB-9A00-963C9BF68CA7}.Release|Any CPU.ActiveCfg = Release|Any CPU
		{81F239B7-CDAD-4CCB-9A00-963C9BF68CA7}.Release|Any CPU.Build.0 = Release|Any CPU
		{9104B006-088E-418E-9098-54C02136A3A0}.Debug|Any CPU.ActiveCfg = Debug|Any CPU
		{9104B006-088E-418E-9098-54C02136A3A0}.Debug|Any CPU.Build.0 = Debug|Any CPU
		{9104B006-088E-418E-9098-54C02136A3A0}.Release|Any CPU.ActiveCfg = Release|Any CPU
		{9104B006-088E-418E-9098-54C02136A3A0}.Release|Any CPU.Build.0 = Release|Any CPU
		{8E3794A1-25D4-4696-89E9-338B3701165E}.Debug|Any CPU.ActiveCfg = Debug|Any CPU
		{8E3794A1-25D4-4696-89E9-338B3701165E}.Debug|Any CPU.Build.0 = Debug|Any CPU
		{8E3794A1-25D4-4696-89E9-338B3701165E}.Release|Any CPU.ActiveCfg = Release|Any CPU
		{8E3794A1-25D4-4696-89E9-338B3701165E}.Release|Any CPU.Build.0 = Release|Any CPU
		{22C535C0-848A-4794-9EC6-1A9E8EF1F7F1}.Debug|Any CPU.ActiveCfg = Debug|Any CPU
		{22C535C0-848A-4794-9EC6-1A9E8EF1F7F1}.Debug|Any CPU.Build.0 = Debug|Any CPU
		{22C535C0-848A-4794-9EC6-1A9E8EF1F7F1}.Release|Any CPU.ActiveCfg = Release|Any CPU
		{22C535C0-848A-4794-9EC6-1A9E8EF1F7F1}.Release|Any CPU.Build.0 = Release|Any CPU
		{0D4DFB28-974F-4935-A36A-A5F82DC684D0}.Debug|Any CPU.ActiveCfg = Debug|Any CPU
		{0D4DFB28-974F-4935-A36A-A5F82DC684D0}.Debug|Any CPU.Build.0 = Debug|Any CPU
		{0D4DFB28-974F-4935-A36A-A5F82DC684D0}.Release|Any CPU.ActiveCfg = Release|Any CPU
		{0D4DFB28-974F-4935-A36A-A5F82DC684D0}.Release|Any CPU.Build.0 = Release|Any CPU
		{C80AD5D6-795E-45C6-8234-13E82F0CC051}.Debug|Any CPU.ActiveCfg = Debug|Any CPU
		{C80AD5D6-795E-45C6-8234-13E82F0CC051}.Debug|Any CPU.Build.0 = Debug|Any CPU
		{C80AD5D6-795E-45C6-8234-13E82F0CC051}.Release|Any CPU.ActiveCfg = Release|Any CPU
		{C80AD5D6-795E-45C6-8234-13E82F0CC051}.Release|Any CPU.Build.0 = Release|Any CPU
		{7D08A0E2-A780-4833-BFE3-27D9A05E160C}.Debug|Any CPU.ActiveCfg = Debug|Any CPU
		{7D08A0E2-A780-4833-BFE3-27D9A05E160C}.Debug|Any CPU.Build.0 = Debug|Any CPU
		{7D08A0E2-A780-4833-BFE3-27D9A05E160C}.Release|Any CPU.ActiveCfg = Release|Any CPU
		{7D08A0E2-A780-4833-BFE3-27D9A05E160C}.Release|Any CPU.Build.0 = Release|Any CPU
		{39E5C786-AE05-4C9D-BAE8-71618FD4327A}.Debug|Any CPU.ActiveCfg = Debug|Any CPU
		{39E5C786-AE05-4C9D-BAE8-71618FD4327A}.Debug|Any CPU.Build.0 = Debug|Any CPU
		{39E5C786-AE05-4C9D-BAE8-71618FD4327A}.Release|Any CPU.ActiveCfg = Release|Any CPU
		{39E5C786-AE05-4C9D-BAE8-71618FD4327A}.Release|Any CPU.Build.0 = Release|Any CPU
		{3064E275-4B82-42DF-A139-9A966C9982A2}.Debug|Any CPU.ActiveCfg = Debug|Any CPU
		{3064E275-4B82-42DF-A139-9A966C9982A2}.Debug|Any CPU.Build.0 = Debug|Any CPU
		{3064E275-4B82-42DF-A139-9A966C9982A2}.Release|Any CPU.ActiveCfg = Release|Any CPU
		{3064E275-4B82-42DF-A139-9A966C9982A2}.Release|Any CPU.Build.0 = Release|Any CPU
	EndGlobalSection
	GlobalSection(SolutionProperties) = preSolution
		HideSolutionNode = FALSE
	EndGlobalSection
	GlobalSection(NestedProjects) = preSolution
		{81F239B7-CDAD-4CCB-9A00-963C9BF68CA7} = {02EA681E-C7D8-13C7-8484-4AC65E1B71E8}
		{9104B006-088E-418E-9098-54C02136A3A0} = {02EA681E-C7D8-13C7-8484-4AC65E1B71E8}
		{8E3794A1-25D4-4696-89E9-338B3701165E} = {02EA681E-C7D8-13C7-8484-4AC65E1B71E8}
		{22C535C0-848A-4794-9EC6-1A9E8EF1F7F1} = {78E7F2EB-60C1-4643-9082-16EDB54E5816}
		{0D4DFB28-974F-4935-A36A-A5F82DC684D0} = {78E7F2EB-60C1-4643-9082-16EDB54E5816}
		{C80AD5D6-795E-45C6-8234-13E82F0CC051} = {78E7F2EB-60C1-4643-9082-16EDB54E5816}
		{7D08A0E2-A780-4833-BFE3-27D9A05E160C} = {B4C80DC8-DC23-4991-B911-A47F34DF3F02}
		{39E5C786-AE05-4C9D-BAE8-71618FD4327A} = {B4C80DC8-DC23-4991-B911-A47F34DF3F02}
		{3064E275-4B82-42DF-A139-9A966C9982A2} = {B4C80DC8-DC23-4991-B911-A47F34DF3F02}
	EndGlobalSection
	GlobalSection(ExtensibilityGlobals) = postSolution
		SolutionGuid = {E528F9B7-63CC-406A-A9F4-03FF60A50969}
	EndGlobalSection
EndGlobal
