
Microsoft Visual Studio Solution File, Format Version 12.00
# Visual Studio Version 17
VisualStudioVersion = 17.14.36429.23
MinimumVisualStudioVersion = 10.0.40219.1
Project("{2150E333-8FDC-42A3-9474-1A3956D46DE8}") = "Task0", "Task0", "{02EA681E-C7D8-13C7-8484-4AC65E1B71E8}"
EndProject
Project("{FAE04EC0-301F-11D3-BF4B-00C04F79EFBC}") = "Tyuiu.SvaykinVE.Sprint3.Task0.V20", "Tyuiu.SvaykinVE.Sprint3.Task0.V20\Tyuiu.SvaykinVE.Sprint3.Task0.V20.csproj", "{81F239B7-CDAD-4CCB-9A00-963C9BF68CA7}"
EndProject
Project("{FAE04EC0-301F-11D3-BF4B-00C04F79EFBC}") = "Tyuiu.SvaykinVE.Sprint3.Task0.V20.Lib", "Tyuiu.SvaykinVE.Sprint3.Task0.V20.Lib\Tyuiu.SvaykinVE.Sprint3.Task0.V20.Lib.csproj", "{9104B006-088E-418E-9098-54C02136A3A0}"
EndProject
Project("{FAE04EC0-301F-11D3-BF4B-00C04F79EFBC}") = "Tyuiu.SvaykinVE.Sprint3.Task0.V20.Test", "Tyuiu.SvaykinVE.Sprint3.Task0.V20.Test\Tyuiu.SvaykinVE.Sprint3.Task0.V20.Test.csproj", "{8E3794A1-25D4-4696-89E9-338B3701165E}"
EndProject
Project("{2150E333-8FDC-42A3-9474-1A3956D46DE8}") = "Task1", "Task1", "{78E7F2EB-60C1-4643-9082-16EDB54E5816}"
EndProject
Project("{FAE04EC0-301F-11D3-BF4B-00C04F79EFBC}") = "Tyuiu.SvaykinVE.Sprint3.Task1.V28", "Tyuiu.SvaykinVE.Sprint3.Task1.V28\Tyuiu.SvaykinVE.Sprint3.Task1.V28.csproj", "{22C535C0-848A-4794-9EC6-1A9E8EF1F7F1}"
EndProject
Project("{FAE04EC0-301F-11D3-BF4B-00C04F79EFBC}") = "Tyuiu.SvaykinVE.Sprint3.Task1.V28.Lib", "Tyuiu.SvaykinVE.Sprint3.Task1.V28.Lib\Tyuiu.SvaykinVE.Sprint3.Task1.V28.Lib.csproj", "{0D4DFB28-974F-4935-A36A-A5F82DC684D0}"
EndProject
Project("{FAE04EC0-301F-11D3-BF4B-00C04F79EFBC}") = "Tyuiu.SvaykinVE.Sprint3.Task1.V28.Test", "Tyuiu.SvaykinVE.Sprint3.Task1.V28.Test\Tyuiu.SvaykinVE.Sprint3.Task1.V28.Test.csproj", "{C80AD5D6-795E-45C6-8234-13E82F0CC051}"
EndProject
Project("{2150E333-8FDC-42A3-9474-1A3956D46DE8}") = "Task2", "Task2", "{B4C80DC8-DC23-4991-B911-A47F34DF3F02}"
EndProject
Project("{FAE04EC0-301F-11D3-BF4B-00C04F79EFBC}") = "Tyuiu.SvaykinVE.Sprint3.Task2.V5", "Tyuiu.SvaykinVE.Sprint3.Task2.V5\Tyuiu.SvaykinVE.Sprint3.Task2.V5.csproj", "{7D08A0E2-A780-4833-BFE3-27D9A05E160C}"
EndProject
Project("{FAE04EC0-301F-11D3-BF4B-00C04F79EFBC}") = "Tyuiu.SvaykinVE.Sprint3.Task2.V5.Lib", "Tyuiu.SvaykinVE.Sprint3.Task2.V5.Lib\Tyuiu.SvaykinVE.Sprint3.Task2.V5.Lib.csproj", "{39E5C786-AE05-4C9D-BAE8-71618FD4327A}"
EndProject
Project("{FAE04EC0-301F-11D3-BF4B-00C04F79EFBC}") = "Tyuiu.SvaykinVE.Sprint3.Task2.V5.Test", "Tyuiu.SvaykinVE.Sprint3.Task2.V5.Test\Tyuiu.SvaykinVE.Sprint3.Task2.V5.Test.csproj", "{3064E275-4B82-42DF-A139-9A966C9982A2}"
EndProject
Project("{2150E333-8FDC-42A3-9474-1A3956D46DE8}") = "Task3", "Task3", "{F5C9C38A-78CE-4FF6-A1EC-F1065E487632}"
EndProject
Project("{FAE04EC0-301F-11D3-BF4B-00C04F79EFBC}") = "Tyuiu.SvaykinVE.Sprint3.Task3.V18", "Tyuiu.SvaykinVE.Sprint3.Task3.V18\Tyuiu.SvaykinVE.Sprint3.Task3.V18.csproj", "{9E2DE74E-AEE1-4087-A230-5D7896E9E581}"
EndProject
Project("{FAE04EC0-301F-11D3-BF4B-00C04F79EFBC}") = "Tyuiu.SvaykinVE.Sprint3.Task3.V18.Lib", "Tyuiu.SvaykinVE.Sprint3.Task3.V18.Lib\Tyuiu.SvaykinVE.Sprint3.Task3.V18.Lib.csproj", "{47A0B589-317C-469A-B129-C67A672EF2E7}"
EndProject
Project("{FAE04EC0-301F-11D3-BF4B-00C04F79EFBC}") = "Tyuiu.SvaykinVE.Sprint3.Task3.V18.Test", "Tyuiu.SvaykinVE.Sprint3.Task3.V18.Test\Tyuiu.SvaykinVE.Sprint3.Task3.V18.Test.csproj", "{919D1C6F-700F-46B5-B73A-6B4BF62B4C2A}"
EndProject
Project("{2150E333-8FDC-42A3-9474-1A3956D46DE8}") = "Task4", "Task4", "{E6613C77-E540-4004-AAC5-5EA6E01CEFF4}"
EndProject
Project("{FAE04EC0-301F-11D3-BF4B-00C04F79EFBC}") = "Tyuiu.SvaykinVE.Sprint3.Task4.V27", "Tyuiu.SvaykinVE.Sprint3.Task4.V27\Tyuiu.SvaykinVE.Sprint3.Task4.V27.csproj", "{E993D361-4CDE-41E0-89D9-77899040BC1A}"
EndProject
Project("{FAE04EC0-301F-11D3-BF4B-00C04F79EFBC}") = "Tyuiu.SvaykinVE.Sprint3.Task4.V27.Lib", "Tyuiu.SvaykinVE.Sprint3.Task4.V27.Lib\Tyuiu.SvaykinVE.Sprint3.Task4.V27.Lib.csproj", "{FA6D8F6B-8AE5-43DF-8B91-352616D1FB6D}"
EndProject
Project("{FAE04EC0-301F-11D3-BF4B-00C04F79EFBC}") = "Tyuiu.SvaykinVE.Sprint3.Task4.V27.Test", "Tyuiu.SvaykinVE.Sprint3.Task4.V27.Test\Tyuiu.SvaykinVE.Sprint3.Task4.V27.Test.csproj", "{EB01DA0A-86AA-41E6-963B-1ABB851F8ED2}"
EndProject
Project("{2150E333-8FDC-42A3-9474-1A3956D46DE8}") = "Task5", "Task5", "{16F5C3A1-07E7-48CD-BC15-A008CC32041B}"
EndProject
Project("{FAE04EC0-301F-11D3-BF4B-00C04F79EFBC}") = "Tyuiu.SvaykinVE.Sprint3.Task5.V11", "Tyuiu.SvaykinVE.Sprint3.Task5.V11\Tyuiu.SvaykinVE.Sprint3.Task5.V11.csproj", "{ACAEA09C-C224-43EE-860C-3C9581DDCD08}"
EndProject
Project("{FAE04EC0-301F-11D3-BF4B-00C04F79EFBC}") = "Tyuiu.SvaykinVE.Sprint3.Task5.V11.Lib", "Tyuiu.SvaykinVE.Sprint3.Task5.V11.Lib\Tyuiu.SvaykinVE.Sprint3.Task5.V11.Lib.csproj", "{6683B492-80BE-41EE-B46F-0A06A0B4B8E8}"
EndProject
Project("{FAE04EC0-301F-11D3-BF4B-00C04F79EFBC}") = "Tyuiu.SvaykinVE.Sprint3.Task5.V11.Test", "Tyuiu.SvaykinVE.Sprint3.Task5.V11.Test\Tyuiu.SvaykinVE.Sprint3.Task5.V11.Test.csproj", "{1BF920C6-6C04-424D-BBB3-FE6B5366ED00}"
EndProject
Project("{2150E333-8FDC-42A3-9474-1A3956D46DE8}") = "Task6", "Task6", "{AF87C342-D434-478E-8758-D159787ECFF0}"
EndProject
Project("{FAE04EC0-301F-11D3-BF4B-00C04F79EFBC}") = "Tyuiu.SvaykinVE.Sprint3.Task6.V22", "Tyuiu.SvaykinVE.Sprint3.Task6.V22\Tyuiu.SvaykinVE.Sprint3.Task6.V22.csproj", "{291ABAEC-3540-49FB-A9F9-004103C39F20}"
EndProject
Project("{FAE04EC0-301F-11D3-BF4B-00C04F79EFBC}") = "Tyuiu.SvaykinVE.Sprint3.Task6.V22.Lib", "Tyuiu.SvaykinVE.Sprint3.Task6.V22.Lib\Tyuiu.SvaykinVE.Sprint3.Task6.V22.Lib.csproj", "{C18D5627-5E20-407C-99E1-F94583B6B081}"
EndProject
Project("{FAE04EC0-301F-11D3-BF4B-00C04F79EFBC}") = "Tyuiu.SvaykinVE.Sprint3.Task6.V22.Test", "Tyuiu.SvaykinVE.Sprint3.Task6.V22.Test\Tyuiu.SvaykinVE.Sprint3.Task6.V22.Test.csproj", "{5934116C-9A7C-4C00-B5F6-E1AD9F114859}"
EndProject
Project("{2150E333-8FDC-42A3-9474-1A3956D46DE8}") = "Task7", "Task7", "{105B0413-5D3E-4171-B6A3-C363EE704AA8}"
EndProject
Project("{FAE04EC0-301F-11D3-BF4B-00C04F79EFBC}") = "Tyuiu.SvaykinVE.Sprint3.Task7.V16", "Tyuiu.SvaykinVE.Sprint3.Task7.V16\Tyuiu.SvaykinVE.Sprint3.Task7.V16.csproj", "{F83F6D60-2602-4451-AB29-6D8AD38BCD1B}"
EndProject
Project("{FAE04EC0-301F-11D3-BF4B-00C04F79EFBC}") = "Tyuiu.SvaykinVE.Sprint3.Task7.V16.Lib", "Tyuiu.SvaykinVE.Sprint3.Task7.V16.Lib\Tyuiu.SvaykinVE.Sprint3.Task7.V16.Lib.csproj", "{4A02CFFE-227E-4D17-8B37-FF329AE2E5F1}"
EndProject
Project("{FAE04EC0-301F-11D3-BF4B-00C04F79EFBC}") = "Tyuiu.SvaykinVE.Sprint3.Task7.V16.Test", "Tyuiu.SvaykinVE.Sprint3.Task7.V16.Test\Tyuiu.SvaykinVE.Sprint3.Task7.V16.Test.csproj", "{C0D7B59B-DC46-45CE-8038-A934784A237F}"
EndProject
Global
	GlobalSection(SolutionConfigurationPlatforms) = preSolution
		Debug|Any CPU = Debug|Any CPU
		Release|Any CPU = Release|Any CPU
	EndGlobalSection
	GlobalSection(ProjectConfigurationPlatforms) = postSolution
		{81F239B7-CDAD-4CCB-9A00-963C9BF68CA7}.Debug|Any CPU.ActiveCfg = Debug|Any CPU
		{81F239B7-CDAD-4CCB-9A00-963C9BF68CA7}.Debug|Any CPU.Build.0 = Debug|Any CPU
		{81F239B7-CDAD-4CCB-9A00-963C9BF68CA7}.Release|Any CPU.ActiveCfg = Release|Any CPU
		{81F239B7-CDAD-4CCB-9A00-963C9BF68CA7}.Release|Any CPU.Build.0 = Release|Any CPU
		{9104B006-088E-418E-9098-54C02136A3A0}.Debug|Any CPU.ActiveCfg = Debug|Any CPU
		{9104B006-088E-418E-9098-54C02136A3A0}.Debug|Any CPU.Build.0 = Debug|Any CPU
		{9104B006-088E-418E-9098-54C02136A3A0}.Release|Any CPU.ActiveCfg = Release|Any CPU
		{9104B006-088E-418E-9098-54C02136A3A0}.Release|Any CPU.Build.0 = Release|Any CPU
		{8E3794A1-25D4-4696-89E9-338B3701165E}.Debug|Any CPU.ActiveCfg = Debug|Any CPU
		{8E3794A1-25D4-4696-89E9-338B3701165E}.Debug|Any CPU.Build.0 = Debug|Any CPU
		{8E3794A1-25D4-4696-89E9-338B3701165E}.Release|Any CPU.ActiveCfg = Release|Any CPU
		{8E3794A1-25D4-4696-89E9-338B3701165E}.Release|Any CPU.Build.0 = Release|Any CPU
		{22C535C0-848A-4794-9EC6-1A9E8EF1F7F1}.Debug|Any CPU.ActiveCfg = Debug|Any CPU
		{22C535C0-848A-4794-9EC6-1A9E8EF1F7F1}.Debug|Any CPU.Build.0 = Debug|Any CPU
		{22C535C0-848A-4794-9EC6-1A9E8EF1F7F1}.Release|Any CPU.ActiveCfg = Release|Any CPU
		{22C535C0-848A-4794-9EC6-1A9E8EF1F7F1}.Release|Any CPU.Build.0 = Release|Any CPU
		{0D4DFB28-974F-4935-A36A-A5F82DC684D0}.Debug|Any CPU.ActiveCfg = Debug|Any CPU
		{0D4DFB28-974F-4935-A36A-A5F82DC684D0}.Debug|Any CPU.Build.0 = Debug|Any CPU
		{0D4DFB28-974F-4935-A36A-A5F82DC684D0}.Release|Any CPU.ActiveCfg = Release|Any CPU
		{0D4DFB28-974F-4935-A36A-A5F82DC684D0}.Release|Any CPU.Build.0 = Release|Any CPU
		{C80AD5D6-795E-45C6-8234-13E82F0CC051}.Debug|Any CPU.ActiveCfg = Debug|Any CPU
		{C80AD5D6-795E-45C6-8234-13E82F0CC051}.Debug|Any CPU.Build.0 = Debug|Any CPU
		{C80AD5D6-795E-45C6-8234-13E82F0CC051}.Release|Any CPU.ActiveCfg = Release|Any CPU
		{C80AD5D6-795E-45C6-8234-13E82F0CC051}.Release|Any CPU.Build.0 = Release|Any CPU
		{7D08A0E2-A780-4833-BFE3-27D9A05E160C}.Debug|Any CPU.ActiveCfg = Debug|Any CPU
		{7D08A0E2-A780-4833-BFE3-27D9A05E160C}.Debug|Any CPU.Build.0 = Debug|Any CPU
		{7D08A0E2-A780-4833-BFE3-27D9A05E160C}.Release|Any CPU.ActiveCfg = Release|Any CPU
		{7D08A0E2-A780-4833-BFE3-27D9A05E160C}.Release|Any CPU.Build.0 = Release|Any CPU
		{39E5C786-AE05-4C9D-BAE8-71618FD4327A}.Debug|Any CPU.ActiveCfg = Debug|Any CPU
		{39E5C786-AE05-4C9D-BAE8-71618FD4327A}.Debug|Any CPU.Build.0 = Debug|Any CPU
		{39E5C786-AE05-4C9D-BAE8-71618FD4327A}.Release|Any CPU.ActiveCfg = Release|Any CPU
		{39E5C786-AE05-4C9D-BAE8-71618FD4327A}.Release|Any CPU.Build.0 = Release|Any CPU
		{3064E275-4B82-42DF-A139-9A966C9982A2}.Debug|Any CPU.ActiveCfg = Debug|Any CPU
		{3064E275-4B82-42DF-A139-9A966C9982A2}.Debug|Any CPU.Build.0 = Debug|Any CPU
		{3064E275-4B82-42DF-A139-9A966C9982A2}.Release|Any CPU.ActiveCfg = Release|Any CPU
		{3064E275-4B82-42DF-A139-9A966C9982A2}.Release|Any CPU.Build.0 = Release|Any CPU
		{9E2DE74E-AEE1-4087-A230-5D7896E9E581}.Debug|Any CPU.ActiveCfg = Debug|Any CPU
		{9E2DE74E-AEE1-4087-A230-5D7896E9E581}.Debug|Any CPU.Build.0 = Debug|Any CPU
		{9E2DE74E-AEE1-4087-A230-5D7896E9E581}.Release|Any CPU.ActiveCfg = Release|Any CPU
		{9E2DE74E-AEE1-4087-A230-5D7896E9E581}.Release|Any CPU.Build.0 = Release|Any CPU
		{47A0B589-317C-469A-B129-C67A672EF2E7}.Debug|Any CPU.ActiveCfg = Debug|Any CPU
		{47A0B589-317C-469A-B129-C67A672EF2E7}.Debug|Any CPU.Build.0 = Debug|Any CPU
		{47A0B589-317C-469A-B129-C67A672EF2E7}.Release|Any CPU.ActiveCfg = Release|Any CPU
		{47A0B589-317C-469A-B129-C67A672EF2E7}.Release|Any CPU.Build.0 = Release|Any CPU
		{919D1C6F-700F-46B5-B73A-6B4BF62B4C2A}.Debug|Any CPU.ActiveCfg = Debug|Any CPU
		{919D1C6F-700F-46B5-B73A-6B4BF62B4C2A}.Debug|Any CPU.Build.0 = Debug|Any CPU
		{919D1C6F-700F-46B5-B73A-6B4BF62B4C2A}.Release|Any CPU.ActiveCfg = Release|Any CPU
		{919D1C6F-700F-46B5-B73A-6B4BF62B4C2A}.Release|Any CPU.Build.0 = Release|Any CPU
		{E993D361-4CDE-41E0-89D9-77899040BC1A}.Debug|Any CPU.ActiveCfg = Debug|Any CPU
		{E993D361-4CDE-41E0-89D9-77899040BC1A}.Debug|Any CPU.Build.0 = Debug|Any CPU
		{E993D361-4CDE-41E0-89D9-77899040BC1A}.Release|Any CPU.ActiveCfg = Release|Any CPU
		{E993D361-4CDE-41E0-89D9-77899040BC1A}.Release|Any CPU.Build.0 = Release|Any CPU
		{FA6D8F6B-8AE5-43DF-8B91-352616D1FB6D}.Debug|Any CPU.ActiveCfg = Debug|Any CPU
		{FA6D8F6B-8AE5-43DF-8B91-352616D1FB6D}.Debug|Any CPU.Build.0 = Debug|Any CPU
		{FA6D8F6B-8AE5-43DF-8B91-352616D1FB6D}.Release|Any CPU.ActiveCfg = Release|Any CPU
		{FA6D8F6B-8AE5-43DF-8B91-352616D1FB6D}.Release|Any CPU.Build.0 = Release|Any CPU
		{EB01DA0A-86AA-41E6-963B-1ABB851F8ED2}.Debug|Any CPU.ActiveCfg = Debug|Any CPU
		{EB01DA0A-86AA-41E6-963B-1ABB851F8ED2}.Debug|Any CPU.Build.0 = Debug|Any CPU
		{EB01DA0A-86AA-41E6-963B-1ABB851F8ED2}.Release|Any CPU.ActiveCfg = Release|Any CPU
		{EB01DA0A-86AA-41E6-963B-1ABB851F8ED2}.Release|Any CPU.Build.0 = Release|Any CPU
		{ACAEA09C-C224-43EE-860C-3C9581DDCD08}.Debug|Any CPU.ActiveCfg = Debug|Any CPU
		{ACAEA09C-C224-43EE-860C-3C9581DDCD08}.Debug|Any CPU.Build.0 = Debug|Any CPU
		{ACAEA09C-C224-43EE-860C-3C9581DDCD08}.Release|Any CPU.ActiveCfg = Release|Any CPU
		{ACAEA09C-C224-43EE-860C-3C9581DDCD08}.Release|Any CPU.Build.0 = Release|Any CPU
		{6683B492-80BE-41EE-B46F-0A06A0B4B8E8}.Debug|Any CPU.ActiveCfg = Debug|Any CPU
		{6683B492-80BE-41EE-B46F-0A06A0B4B8E8}.Debug|Any CPU.Build.0 = Debug|Any CPU
		{6683B492-80BE-41EE-B46F-0A06A0B4B8E8}.Release|Any CPU.ActiveCfg = Release|Any CPU
		{6683B492-80BE-41EE-B46F-0A06A0B4B8E8}.Release|Any CPU.Build.0 = Release|Any CPU
		{1BF920C6-6C04-424D-BBB3-FE6B5366ED00}.Debug|Any CPU.ActiveCfg = Debug|Any CPU
		{1BF920C6-6C04-424D-BBB3-FE6B5366ED00}.Debug|Any CPU.Build.0 = Debug|Any CPU
		{1BF920C6-6C04-424D-BBB3-FE6B5366ED00}.Release|Any CPU.ActiveCfg = Release|Any CPU
		{1BF920C6-6C04-424D-BBB3-FE6B5366ED00}.Release|Any CPU.Build.0 = Release|Any CPU
		{291ABAEC-3540-49FB-A9F9-004103C39F20}.Debug|Any CPU.ActiveCfg = Debug|Any CPU
		{291ABAEC-3540-49FB-A9F9-004103C39F20}.Debug|Any CPU.Build.0 = Debug|Any CPU
		{291ABAEC-3540-49FB-A9F9-004103C39F20}.Release|Any CPU.ActiveCfg = Release|Any CPU
		{291ABAEC-3540-49FB-A9F9-004103C39F20}.Release|Any CPU.Build.0 = Release|Any CPU
		{C18D5627-5E20-407C-99E1-F94583B6B081}.Debug|Any CPU.ActiveCfg = Debug|Any CPU
		{C18D5627-5E20-407C-99E1-F94583B6B081}.Debug|Any CPU.Build.0 = Debug|Any CPU
		{C18D5627-5E20-407C-99E1-F94583B6B081}.Release|Any CPU.ActiveCfg = Release|Any CPU
		{C18D5627-5E20-407C-99E1-F94583B6B081}.Release|Any CPU.Build.0 = Release|Any CPU
		{5934116C-9A7C-4C00-B5F6-E1AD9F114859}.Debug|Any CPU.ActiveCfg = Debug|Any CPU
		{5934116C-9A7C-4C00-B5F6-E1AD9F114859}.Debug|Any CPU.Build.0 = Debug|Any CPU
		{5934116C-9A7C-4C00-B5F6-E1AD9F114859}.Release|Any CPU.ActiveCfg = Release|Any CPU
		{5934116C-9A7C-4C00-B5F6-E1AD9F114859}.Release|Any CPU.Build.0 = Release|Any CPU
		{F83F6D60-2602-4451-AB29-6D8AD38BCD1B}.Debug|Any CPU.ActiveCfg = Debug|Any CPU
		{F83F6D60-2602-4451-AB29-6D8AD38BCD1B}.Debug|Any CPU.Build.0 = Debug|Any CPU
		{F83F6D60-2602-4451-AB29-6D8AD38BCD1B}.Release|Any CPU.ActiveCfg = Release|Any CPU
		{F83F6D60-2602-4451-AB29-6D8AD38BCD1B}.Release|Any CPU.Build.0 = Release|Any CPU
		{4A02CFFE-227E-4D17-8B37-FF329AE2E5F1}.Debug|Any CPU.ActiveCfg = Debug|Any CPU
		{4A02CFFE-227E-4D17-8B37-FF329AE2E5F1}.Debug|Any CPU.Build.0 = Debug|Any CPU
		{4A02CFFE-227E-4D17-8B37-FF329AE2E5F1}.Release|Any CPU.ActiveCfg = Release|Any CPU
		{4A02CFFE-227E-4D17-8B37-FF329AE2E5F1}.Release|Any CPU.Build.0 = Release|Any CPU
		{C0D7B59B-DC46-45CE-8038-A934784A237F}.Debug|Any CPU.ActiveCfg = Debug|Any CPU
		{C0D7B59B-DC46-45CE-8038-A934784A237F}.Debug|Any CPU.Build.0 = Debug|Any CPU
		{C0D7B59B-DC46-45CE-8038-A934784A237F}.Release|Any CPU.ActiveCfg = Release|Any CPU
		{C0D7B59B-DC46-45CE-8038-A934784A237F}.Release|Any CPU.Build.0 = Release|Any CPU
	EndGlobalSection
	GlobalSection(SolutionProperties) = preSolution
		HideSolutionNode = FALSE
	EndGlobalSection
	GlobalSection(NestedProjects) = preSolution
		{81F239B7-CDAD-4CCB-9A00-963C9BF68CA7} = {02EA681E-C7D8-13C7-8484-4AC65E1B71E8}
		{9104B006-088E-418E-9098-54C02136A3A0} = {02EA681E-C7D8-13C7-8484-4AC65E1B71E8}
		{8E3794A1-25D4-4696-89E9-338B3701165E} = {02EA681E-C7D8-13C7-8484-4AC65E1B71E8}
		{22C535C0-848A-4794-9EC6-1A9E8EF1F7F1} = {78E7F2EB-60C1-4643-9082-16EDB54E5816}
		{0D4DFB28-974F-4935-A36A-A5F82DC684D0} = {78E7F2EB-60C1-4643-9082-16EDB54E5816}
		{C80AD5D6-795E-45C6-8234-13E82F0CC051} = {78E7F2EB-60C1-4643-9082-16EDB54E5816}
		{7D08A0E2-A780-4833-BFE3-27D9A05E160C} = {B4C80DC8-DC23-4991-B911-A47F34DF3F02}
		{39E5C786-AE05-4C9D-BAE8-71618FD4327A} = {B4C80DC8-DC23-4991-B911-A47F34DF3F02}
		{3064E275-4B82-42DF-A139-9A966C9982A2} = {B4C80DC8-DC23-4991-B911-A47F34DF3F02}
		{9E2DE74E-AEE1-4087-A230-5D7896E9E581} = {F5C9C38A-78CE-4FF6-A1EC-F1065E487632}
		{47A0B589-317C-469A-B129-C67A672EF2E7} = {F5C9C38A-78CE-4FF6-A1EC-F1065E487632}
		{919D1C6F-700F-46B5-B73A-6B4BF62B4C2A} = {F5C9C38A-78CE-4FF6-A1EC-F1065E487632}
		{E993D361-4CDE-41E0-89D9-77899040BC1A} = {E6613C77-E540-4004-AAC5-5EA6E01CEFF4}
		{FA6D8F6B-8AE5-43DF-8B91-352616D1FB6D} = {E6613C77-E540-4004-AAC5-5EA6E01CEFF4}
		{EB01DA0A-86AA-41E6-963B-1ABB851F8ED2} = {E6613C77-E540-4004-AAC5-5EA6E01CEFF4}
		{ACAEA09C-C224-43EE-860C-3C9581DDCD08} = {16F5C3A1-07E7-48CD-BC15-A008CC32041B}
		{6683B492-80BE-41EE-B46F-0A06A0B4B8E8} = {16F5C3A1-07E7-48CD-BC15-A008CC32041B}
		{1BF920C6-6C04-424D-BBB3-FE6B5366ED00} = {16F5C3A1-07E7-48CD-BC15-A008CC32041B}
		{291ABAEC-3540-49FB-A9F9-004103C39F20} = {AF87C342-D434-478E-8758-D159787ECFF0}
		{C18D5627-5E20-407C-99E1-F94583B6B081} = {AF87C342-D434-478E-8758-D159787ECFF0}
		{5934116C-9A7C-4C00-B5F6-E1AD9F114859} = {AF87C342-D434-478E-8758-D159787ECFF0}
		{F83F6D60-2602-4451-AB29-6D8AD38BCD1B} = {105B0413-5D3E-4171-B6A3-C363EE704AA8}
		{4A02CFFE-227E-4D17-8B37-FF329AE2E5F1} = {105B0413-5D3E-4171-B6A3-C363EE704AA8}
		{C0D7B59B-DC46-45CE-8038-A934784A237F} = {105B0413-5D3E-4171-B6A3-C363EE704AA8}
	EndGlobalSection
	GlobalSection(ExtensibilityGlobals) = postSolution
		SolutionGuid = {E528F9B7-63CC-406A-A9F4-03FF60A50969}
	EndGlobalSection
EndGlobal
